
Microsoft Visual Studio Solution File, Format Version 12.00
# Visual Studio 14
VisualStudioVersion = 14.0.25420.1
MinimumVisualStudioVersion = 10.0.40219.1
Project("{2150E333-8FDC-42A3-9474-1A3956D46DE8}") = "PawnSystem.DAL", "PawnSystem.DAL", "{FE9AF36B-E847-4377-934C-189CF44736BF}"
EndProject
Project("{2150E333-8FDC-42A3-9474-1A3956D46DE8}") = "PawnSystem.BLL", "PawnSystem.BLL", "{1E3B31B4-CA0D-4E5F-8C4A-F5CB3AA3E604}"
EndProject
Project("{2150E333-8FDC-42A3-9474-1A3956D46DE8}") = "PawnSystem.UI", "PawnSystem.UI", "{D0E1582B-7DAB-4215-B090-E04D8BD4BA64}"
EndProject
Project("{FAE04EC0-301F-11D3-BF4B-00C04F79EFBC}") = "PawnSystem.DAL.Core", "PawnSystem.DAL.Core\PawnSystem.DAL.Core.csproj", "{2B0625B1-E004-4298-B8DA-B3DCAF4F4B93}"
EndProject
Project("{FAE04EC0-301F-11D3-BF4B-00C04F79EFBC}") = "PawnSystem.DAL.Data", "PawnSystem.DAL.Data\PawnSystem.DAL.Data.csproj", "{D076D04C-FF85-4184-A2C2-533BFCC36528}"
EndProject
Project("{FAE04EC0-301F-11D3-BF4B-00C04F79EFBC}") = "PawnSystem.BLL.IService", "PawnSystem.BLL.IService\PawnSystem.BLL.IService.csproj", "{A37BCE82-F14F-4CF2-BBA0-F6F7812E0D1B}"
EndProject
Project("{FAE04EC0-301F-11D3-BF4B-00C04F79EFBC}") = "PawnSystem.BLL.Service", "PawnSystem.BLL.Service\PawnSystem.BLL.Service.csproj", "{B0062C06-38C3-4A70-AD78-5AEE3CA570FA}"
EndProject
Project("{FAE04EC0-301F-11D3-BF4B-00C04F79EFBC}") = "PawnSystem.BLL.Model", "PawnSystem.BLL.Model\PawnSystem.BLL.Model.csproj", "{DC65E9C6-0771-4EC7-8101-1F9ADC97C9AA}"
EndProject
Project("{FAE04EC0-301F-11D3-BF4B-00C04F79EFBC}") = "PawnSystem.BLL.ServiceTest", "PawnSystem.BLL.ServiceTest\PawnSystem.BLL.ServiceTest.csproj", "{99BEEC47-B0FA-4FA5-BA04-6FB15EC0634A}"
EndProject
Project("{FAE04EC0-301F-11D3-BF4B-00C04F79EFBC}") = "PawnSystem.UI.Backend", "PawnSystem.UI.Backend\PawnSystem.UI.Backend.csproj", "{70D41D94-AA7A-486E-9154-A951A35BD9BA}"
EndProject
Project("{2150E333-8FDC-42A3-9474-1A3956D46DE8}") = "PawnSystem.SETUP", "PawnSystem.SETUP", "{E0387DC0-7874-4221-A103-EAE685753D4B}"
EndProject
Project("{54435603-DBB4-11D2-8724-00A0C9A8B90C}") = "Setup", "Setup\Setup.vdproj", "{EF152E14-088E-4264-8F28-F2D3E4167A55}"
EndProject
Global
	GlobalSection(SolutionConfigurationPlatforms) = preSolution
		Debug|Any CPU = Debug|Any CPU
		Release|Any CPU = Release|Any CPU
	EndGlobalSection
	GlobalSection(ProjectConfigurationPlatforms) = postSolution
		{2B0625B1-E004-4298-B8DA-B3DCAF4F4B93}.Debug|Any CPU.ActiveCfg = Debug|Any CPU
		{2B0625B1-E004-4298-B8DA-B3DCAF4F4B93}.Debug|Any CPU.Build.0 = Debug|Any CPU
		{2B0625B1-E004-4298-B8DA-B3DCAF4F4B93}.Release|Any CPU.ActiveCfg = Release|Any CPU
		{2B0625B1-E004-4298-B8DA-B3DCAF4F4B93}.Release|Any CPU.Build.0 = Release|Any CPU
		{D076D04C-FF85-4184-A2C2-533BFCC36528}.Debug|Any CPU.ActiveCfg = Debug|Any CPU
		{D076D04C-FF85-4184-A2C2-533BFCC36528}.Debug|Any CPU.Build.0 = Debug|Any CPU
		{D076D04C-FF85-4184-A2C2-533BFCC36528}.Release|Any CPU.ActiveCfg = Release|Any CPU
		{D076D04C-FF85-4184-A2C2-533BFCC36528}.Release|Any CPU.Build.0 = Release|Any CPU
		{A37BCE82-F14F-4CF2-BBA0-F6F7812E0D1B}.Debug|Any CPU.ActiveCfg = Debug|Any CPU
		{A37BCE82-F14F-4CF2-BBA0-F6F7812E0D1B}.Debug|Any CPU.Build.0 = Debug|Any CPU
		{A37BCE82-F14F-4CF2-BBA0-F6F7812E0D1B}.Release|Any CPU.ActiveCfg = Release|Any CPU
		{A37BCE82-F14F-4CF2-BBA0-F6F7812E0D1B}.Release|Any CPU.Build.0 = Release|Any CPU
		{B0062C06-38C3-4A70-AD78-5AEE3CA570FA}.Debug|Any CPU.ActiveCfg = Debug|Any CPU
		{B0062C06-38C3-4A70-AD78-5AEE3CA570FA}.Debug|Any CPU.Build.0 = Debug|Any CPU
		{B0062C06-38C3-4A70-AD78-5AEE3CA570FA}.Release|Any CPU.ActiveCfg = Release|Any CPU
		{B0062C06-38C3-4A70-AD78-5AEE3CA570FA}.Release|Any CPU.Build.0 = Release|Any CPU
		{DC65E9C6-0771-4EC7-8101-1F9ADC97C9AA}.Debug|Any CPU.ActiveCfg = Debug|Any CPU
		{DC65E9C6-0771-4EC7-8101-1F9ADC97C9AA}.Debug|Any CPU.Build.0 = Debug|Any CPU
		{DC65E9C6-0771-4EC7-8101-1F9ADC97C9AA}.Release|Any CPU.ActiveCfg = Release|Any CPU
		{DC65E9C6-0771-4EC7-8101-1F9ADC97C9AA}.Release|Any CPU.Build.0 = Release|Any CPU
		{99BEEC47-B0FA-4FA5-BA04-6FB15EC0634A}.Debug|Any CPU.ActiveCfg = Debug|Any CPU
		{99BEEC47-B0FA-4FA5-BA04-6FB15EC0634A}.Debug|Any CPU.Build.0 = Debug|Any CPU
		{99BEEC47-B0FA-4FA5-BA04-6FB15EC0634A}.Release|Any CPU.ActiveCfg = Release|Any CPU
		{99BEEC47-B0FA-4FA5-BA04-6FB15EC0634A}.Release|Any CPU.Build.0 = Release|Any CPU
		{70D41D94-AA7A-486E-9154-A951A35BD9BA}.Debug|Any CPU.ActiveCfg = Debug|Any CPU
		{70D41D94-AA7A-486E-9154-A951A35BD9BA}.Debug|Any CPU.Build.0 = Debug|Any CPU
		{70D41D94-AA7A-486E-9154-A951A35BD9BA}.Release|Any CPU.ActiveCfg = Release|Any CPU
		{70D41D94-AA7A-486E-9154-A951A35BD9BA}.Release|Any CPU.Build.0 = Release|Any CPU
		{EF152E14-088E-4264-8F28-F2D3E4167A55}.Debug|Any CPU.ActiveCfg = Debug
		{EF152E14-088E-4264-8F28-F2D3E4167A55}.Release|Any CPU.ActiveCfg = Release
	EndGlobalSection
	GlobalSection(SolutionProperties) = preSolution
		HideSolutionNode = FALSE
	EndGlobalSection
	GlobalSection(NestedProjects) = preSolution
		{2B0625B1-E004-4298-B8DA-B3DCAF4F4B93} = {FE9AF36B-E847-4377-934C-189CF44736BF}
		{D076D04C-FF85-4184-A2C2-533BFCC36528} = {FE9AF36B-E847-4377-934C-189CF44736BF}
		{A37BCE82-F14F-4CF2-BBA0-F6F7812E0D1B} = {1E3B31B4-CA0D-4E5F-8C4A-F5CB3AA3E604}
		{B0062C06-38C3-4A70-AD78-5AEE3CA570FA} = {1E3B31B4-CA0D-4E5F-8C4A-F5CB3AA3E604}
		{DC65E9C6-0771-4EC7-8101-1F9ADC97C9AA} = {1E3B31B4-CA0D-4E5F-8C4A-F5CB3AA3E604}
		{99BEEC47-B0FA-4FA5-BA04-6FB15EC0634A} = {1E3B31B4-CA0D-4E5F-8C4A-F5CB3AA3E604}
		{70D41D94-AA7A-486E-9154-A951A35BD9BA} = {D0E1582B-7DAB-4215-B090-E04D8BD4BA64}
		{EF152E14-088E-4264-8F28-F2D3E4167A55} = {E0387DC0-7874-4221-A103-EAE685753D4B}
	EndGlobalSection
EndGlobal
